
Microsoft Visual Studio Solution File, Format Version 12.00
# Visual Studio Version 17
VisualStudioVersion = 17.0.32014.148
MinimumVisualStudioVersion = 10.0.40219.1
Project("{FAE04EC0-301F-11D3-BF4B-00C04F79EFBC}") = "WebApp", "WebApp.csproj", "{EA6DB3ED-D864-49C0-8AD6-D25AA1661F82}"
EndProject
Global
	GlobalSection(SolutionConfigurationPlatforms) = preSolution
		Debug|Any CPU = Debug|Any CPU
		Release|Any CPU = Release|Any CPU
	EndGlobalSection
	GlobalSection(ProjectConfigurationPlatforms) = postSolution
		{EA6DB3ED-D864-49C0-8AD6-D25AA1661F82}.Debug|Any CPU.ActiveCfg = Debug|Any CPU
		{EA6DB3ED-D864-49C0-8AD6-D25AA1661F82}.Debug|Any CPU.Build.0 = Debug|Any CPU
		{EA6DB3ED-D864-49C0-8AD6-D25AA1661F82}.Release|Any CPU.ActiveCfg = Release|Any CPU
		{EA6DB3ED-D864-49C0-8AD6-D25AA1661F82}.Release|Any CPU.Build.0 = Release|Any CPU
	EndGlobalSection
	GlobalSection(SolutionProperties) = preSolution
		HideSolutionNode = FALSE
	EndGlobalSection
	GlobalSection(ExtensibilityGlobals) = postSolution
		SolutionGuid = {2A6FF242-47C6-4773-B3C9-99AE211E0B72}
	EndGlobalSection
EndGlobal
